
Microsoft Visual Studio Solution File, Format Version 12.00
# Visual Studio Version 17
VisualStudioVersion = 17.7.34221.43
MinimumVisualStudioVersion = 10.0.40219.1
Project("{9A19103F-16F7-4668-BE54-9A1E7A4F7556}") = "Entities", "Entities\Entities.csproj", "{4FEA9BBD-4694-44EC-AAE3-D0424B0C82B6}"
EndProject
Project("{9A19103F-16F7-4668-BE54-9A1E7A4F7556}") = "DataAccess", "DataAccess\DataAccess.csproj", "{7F32BC9D-3AAE-4ABB-87FF-FD2ADF804785}"
EndProject
Project("{9A19103F-16F7-4668-BE54-9A1E7A4F7556}") = "Business", "Business\Business.csproj", "{7FADFB6D-6777-479C-AFF7-1590B82B2D4D}"
EndProject
Project("{9A19103F-16F7-4668-BE54-9A1E7A4F7556}") = "ToDoUI", "ToDoUI\ToDoUI.csproj", "{81115A38-C269-4C8F-9092-72B807DD9CD3}"
EndProject
Project("{2150E333-8FDC-42A3-9474-1A3956D46DE8}") = "Solution Items", "Solution Items", "{0FC6DA6B-CBF7-442B-8567-B05A40E5602A}"
	ProjectSection(SolutionItems) = preProject
		ToDo.db = ToDo.db
	EndProjectSection
EndProject
Global
	GlobalSection(SolutionConfigurationPlatforms) = preSolution
		Debug|Any CPU = Debug|Any CPU
		Release|Any CPU = Release|Any CPU
	EndGlobalSection
	GlobalSection(ProjectConfigurationPlatforms) = postSolution
		{4FEA9BBD-4694-44EC-AAE3-D0424B0C82B6}.Debug|Any CPU.ActiveCfg = Debug|Any CPU
		{4FEA9BBD-4694-44EC-AAE3-D0424B0C82B6}.Debug|Any CPU.Build.0 = Debug|Any CPU
		{4FEA9BBD-4694-44EC-AAE3-D0424B0C82B6}.Release|Any CPU.ActiveCfg = Release|Any CPU
		{4FEA9BBD-4694-44EC-AAE3-D0424B0C82B6}.Release|Any CPU.Build.0 = Release|Any CPU
		{7F32BC9D-3AAE-4ABB-87FF-FD2ADF804785}.Debug|Any CPU.ActiveCfg = Debug|Any CPU
		{7F32BC9D-3AAE-4ABB-87FF-FD2ADF804785}.Debug|Any CPU.Build.0 = Debug|Any CPU
		{7F32BC9D-3AAE-4ABB-87FF-FD2ADF804785}.Release|Any CPU.ActiveCfg = Release|Any CPU
		{7F32BC9D-3AAE-4ABB-87FF-FD2ADF804785}.Release|Any CPU.Build.0 = Release|Any CPU
		{7FADFB6D-6777-479C-AFF7-1590B82B2D4D}.Debug|Any CPU.ActiveCfg = Debug|Any CPU
		{7FADFB6D-6777-479C-AFF7-1590B82B2D4D}.Debug|Any CPU.Build.0 = Debug|Any CPU
		{7FADFB6D-6777-479C-AFF7-1590B82B2D4D}.Release|Any CPU.ActiveCfg = Release|Any CPU
		{7FADFB6D-6777-479C-AFF7-1590B82B2D4D}.Release|Any CPU.Build.0 = Release|Any CPU
		{81115A38-C269-4C8F-9092-72B807DD9CD3}.Debug|Any CPU.ActiveCfg = Debug|Any CPU
		{81115A38-C269-4C8F-9092-72B807DD9CD3}.Debug|Any CPU.Build.0 = Debug|Any CPU
		{81115A38-C269-4C8F-9092-72B807DD9CD3}.Release|Any CPU.ActiveCfg = Release|Any CPU
		{81115A38-C269-4C8F-9092-72B807DD9CD3}.Release|Any CPU.Build.0 = Release|Any CPU
	EndGlobalSection
	GlobalSection(SolutionProperties) = preSolution
		HideSolutionNode = FALSE
	EndGlobalSection
	GlobalSection(ExtensibilityGlobals) = postSolution
		SolutionGuid = {0C43CAE7-15AE-4565-BF55-F923693085D7}
	EndGlobalSection
EndGlobal
